
Microsoft Visual Studio Solution File, Format Version 12.00
# Visual Studio Version 17
VisualStudioVersion = 17.2.32526.322
MinimumVisualStudioVersion = 10.0.40219.1
Project("{FAE04EC0-301F-11D3-BF4B-00C04F79EFBC}") = "Statische Eigenschaften", "Statische Eigenschaften\Statische Eigenschaften.csproj", "{0992ACF2-D3B8-492A-923B-53D3889D4ADE}"
EndProject
Global
	GlobalSection(SolutionConfigurationPlatforms) = preSolution
		Debug|Any CPU = Debug|Any CPU
		Release|Any CPU = Release|Any CPU
	EndGlobalSection
	GlobalSection(ProjectConfigurationPlatforms) = postSolution
		{0992ACF2-D3B8-492A-923B-53D3889D4ADE}.Debug|Any CPU.ActiveCfg = Debug|Any CPU
		{0992ACF2-D3B8-492A-923B-53D3889D4ADE}.Debug|Any CPU.Build.0 = Debug|Any CPU
		{0992ACF2-D3B8-492A-923B-53D3889D4ADE}.Release|Any CPU.ActiveCfg = Release|Any CPU
		{0992ACF2-D3B8-492A-923B-53D3889D4ADE}.Release|Any CPU.Build.0 = Release|Any CPU
	EndGlobalSection
	GlobalSection(SolutionProperties) = preSolution
		HideSolutionNode = FALSE
	EndGlobalSection
	GlobalSection(ExtensibilityGlobals) = postSolution
		SolutionGuid = {B8CB2A90-8B07-48E9-AA72-AF57BA9E3B91}
	EndGlobalSection
EndGlobal
